
Microsoft Visual Studio Solution File, Format Version 12.00
# Visual Studio Version 17
VisualStudioVersion = 17.8.34511.84
MinimumVisualStudioVersion = 10.0.40219.1
Project("{FAE04EC0-301F-11D3-BF4B-00C04F79EFBC}") = "ZaverecnyProjekt_KatalogLatek", "ZaverecnyProjekt_KatalogLatek\ZaverecnyProjekt_KatalogLatek.csproj", "{0B204205-E85F-4185-A1B5-CB559B6B366B}"
EndProject
Global
	GlobalSection(SolutionConfigurationPlatforms) = preSolution
		Debug|Any CPU = Debug|Any CPU
		Release|Any CPU = Release|Any CPU
	EndGlobalSection
	GlobalSection(ProjectConfigurationPlatforms) = postSolution
		{0B204205-E85F-4185-A1B5-CB559B6B366B}.Debug|Any CPU.ActiveCfg = Debug|Any CPU
		{0B204205-E85F-4185-A1B5-CB559B6B366B}.Debug|Any CPU.Build.0 = Debug|Any CPU
		{0B204205-E85F-4185-A1B5-CB559B6B366B}.Release|Any CPU.ActiveCfg = Release|Any CPU
		{0B204205-E85F-4185-A1B5-CB559B6B366B}.Release|Any CPU.Build.0 = Release|Any CPU
	EndGlobalSection
	GlobalSection(SolutionProperties) = preSolution
		HideSolutionNode = FALSE
	EndGlobalSection
	GlobalSection(ExtensibilityGlobals) = postSolution
		SolutionGuid = {34352B27-642D-4D45-9E61-F48DE70F1B3D}
	EndGlobalSection
EndGlobal
